
Microsoft Visual Studio Solution File, Format Version 12.00
# Visual Studio Version 16
VisualStudioVersion = 16.0.29111.141
MinimumVisualStudioVersion = 10.0.40219.1
Project("{9A19103F-16F7-4668-BE54-9A1E7A4F7556}") = "msgraph-sdk-raptor-compiler-lib", "msgraph-sdk-raptor-compiler-lib\msgraph-sdk-raptor-compiler-lib.csproj", "{744E3FE7-F945-4230-A4AC-D6157BFD5788}"
EndProject
Project("{9A19103F-16F7-4668-BE54-9A1E7A4F7556}") = "CsharpV1Tests", "CsharpV1Tests\CsharpV1Tests.csproj", "{18EF8AF4-F855-4787-A223-1C77D730B58E}"
EndProject
Project("{9A19103F-16F7-4668-BE54-9A1E7A4F7556}") = "TestsCommon", "TestsCommon\TestsCommon.csproj", "{2E85C967-ADFA-4D0B-A881-D89917E60F03}"
EndProject
Project("{9A19103F-16F7-4668-BE54-9A1E7A4F7556}") = "CsharpBetaTests", "CsharpBetaTests\CsharpBetaTests.csproj", "{409BE1A6-4978-405C-9F0B-478DDF344AA4}"
EndProject
Project("{9A19103F-16F7-4668-BE54-9A1E7A4F7556}") = "CsharpBetaKnownFailureTests", "CsharpBetaKnownFailureTests\CsharpBetaKnownFailureTests.csproj", "{6A08DD1F-4865-4366-AFFF-A1A5A4B6C24A}"
EndProject
Project("{9A19103F-16F7-4668-BE54-9A1E7A4F7556}") = "CsharpV1KnownFailureTests", "CsharpV1KnownFailureTests\CsharpV1KnownFailureTests.csproj", "{418B1372-FC4F-4C90-9526-45C7A62F8BBB}"
EndProject
Project("{9A19103F-16F7-4668-BE54-9A1E7A4F7556}") = "CSharpArbitraryDllTests", "CSharpArbitraryDllTests\CSharpArbitraryDllTests.csproj", "{510AA0B8-CC03-4FE5-9DE4-97BD69FD81D6}"
EndProject
Project("{9A19103F-16F7-4668-BE54-9A1E7A4F7556}") = "JavaV1Tests", "JavaV1Tests\JavaV1Tests.csproj", "{3C740041-B866-4E22-9856-1AF642D06630}"
EndProject
Project("{FAE04EC0-301F-11D3-BF4B-00C04F79EFBC}") = "JavaBetaTests", "JavaBetaTests\JavaBetaTests.csproj", "{1891A479-3656-477E-9DC4-4EB3337E0564}"
EndProject
Project("{FAE04EC0-301F-11D3-BF4B-00C04F79EFBC}") = "JavaV1KnownFailureTests", "JavaV1KnownFailureTests\JavaV1KnownFailureTests.csproj", "{A199C9AB-FF48-41BD-BFA3-50A0E8EBC305}"
EndProject
Project("{FAE04EC0-301F-11D3-BF4B-00C04F79EFBC}") = "JavaBetaKnownFailureTests", "JavaBetaKnownFailureTests\JavaBetaKnownFailureTests.csproj", "{B96E4BBA-697D-4B7D-80B5-4DBE2D0A4757}"
EndProject
Global
	GlobalSection(SolutionConfigurationPlatforms) = preSolution
		Debug|Any CPU = Debug|Any CPU
		Release|Any CPU = Release|Any CPU
	EndGlobalSection
	GlobalSection(ProjectConfigurationPlatforms) = postSolution
		{744E3FE7-F945-4230-A4AC-D6157BFD5788}.Debug|Any CPU.ActiveCfg = Debug|Any CPU
		{744E3FE7-F945-4230-A4AC-D6157BFD5788}.Debug|Any CPU.Build.0 = Debug|Any CPU
		{744E3FE7-F945-4230-A4AC-D6157BFD5788}.Release|Any CPU.ActiveCfg = Release|Any CPU
		{744E3FE7-F945-4230-A4AC-D6157BFD5788}.Release|Any CPU.Build.0 = Release|Any CPU
		{18EF8AF4-F855-4787-A223-1C77D730B58E}.Debug|Any CPU.ActiveCfg = Debug|Any CPU
		{18EF8AF4-F855-4787-A223-1C77D730B58E}.Debug|Any CPU.Build.0 = Debug|Any CPU
		{18EF8AF4-F855-4787-A223-1C77D730B58E}.Release|Any CPU.ActiveCfg = Release|Any CPU
		{18EF8AF4-F855-4787-A223-1C77D730B58E}.Release|Any CPU.Build.0 = Release|Any CPU
		{2E85C967-ADFA-4D0B-A881-D89917E60F03}.Debug|Any CPU.ActiveCfg = Debug|Any CPU
		{2E85C967-ADFA-4D0B-A881-D89917E60F03}.Debug|Any CPU.Build.0 = Debug|Any CPU
		{2E85C967-ADFA-4D0B-A881-D89917E60F03}.Release|Any CPU.ActiveCfg = Release|Any CPU
		{2E85C967-ADFA-4D0B-A881-D89917E60F03}.Release|Any CPU.Build.0 = Release|Any CPU
		{409BE1A6-4978-405C-9F0B-478DDF344AA4}.Debug|Any CPU.ActiveCfg = Debug|Any CPU
		{409BE1A6-4978-405C-9F0B-478DDF344AA4}.Debug|Any CPU.Build.0 = Debug|Any CPU
		{409BE1A6-4978-405C-9F0B-478DDF344AA4}.Release|Any CPU.ActiveCfg = Release|Any CPU
		{409BE1A6-4978-405C-9F0B-478DDF344AA4}.Release|Any CPU.Build.0 = Release|Any CPU
		{6A08DD1F-4865-4366-AFFF-A1A5A4B6C24A}.Debug|Any CPU.ActiveCfg = Debug|Any CPU
		{6A08DD1F-4865-4366-AFFF-A1A5A4B6C24A}.Debug|Any CPU.Build.0 = Debug|Any CPU
		{6A08DD1F-4865-4366-AFFF-A1A5A4B6C24A}.Release|Any CPU.ActiveCfg = Release|Any CPU
		{6A08DD1F-4865-4366-AFFF-A1A5A4B6C24A}.Release|Any CPU.Build.0 = Release|Any CPU
		{418B1372-FC4F-4C90-9526-45C7A62F8BBB}.Debug|Any CPU.ActiveCfg = Debug|Any CPU
		{418B1372-FC4F-4C90-9526-45C7A62F8BBB}.Debug|Any CPU.Build.0 = Debug|Any CPU
		{418B1372-FC4F-4C90-9526-45C7A62F8BBB}.Release|Any CPU.ActiveCfg = Release|Any CPU
		{418B1372-FC4F-4C90-9526-45C7A62F8BBB}.Release|Any CPU.Build.0 = Release|Any CPU
		{510AA0B8-CC03-4FE5-9DE4-97BD69FD81D6}.Debug|Any CPU.ActiveCfg = Debug|Any CPU
		{510AA0B8-CC03-4FE5-9DE4-97BD69FD81D6}.Debug|Any CPU.Build.0 = Debug|Any CPU
		{510AA0B8-CC03-4FE5-9DE4-97BD69FD81D6}.Release|Any CPU.ActiveCfg = Release|Any CPU
		{510AA0B8-CC03-4FE5-9DE4-97BD69FD81D6}.Release|Any CPU.Build.0 = Release|Any CPU
		{3C740041-B866-4E22-9856-1AF642D06630}.Debug|Any CPU.ActiveCfg = Debug|Any CPU
		{3C740041-B866-4E22-9856-1AF642D06630}.Debug|Any CPU.Build.0 = Debug|Any CPU
		{3C740041-B866-4E22-9856-1AF642D06630}.Release|Any CPU.ActiveCfg = Release|Any CPU
		{3C740041-B866-4E22-9856-1AF642D06630}.Release|Any CPU.Build.0 = Release|Any CPU
		{1891A479-3656-477E-9DC4-4EB3337E0564}.Debug|Any CPU.ActiveCfg = Debug|Any CPU
		{1891A479-3656-477E-9DC4-4EB3337E0564}.Debug|Any CPU.Build.0 = Debug|Any CPU
		{1891A479-3656-477E-9DC4-4EB3337E0564}.Release|Any CPU.ActiveCfg = Release|Any CPU
		{1891A479-3656-477E-9DC4-4EB3337E0564}.Release|Any CPU.Build.0 = Release|Any CPU
		{A199C9AB-FF48-41BD-BFA3-50A0E8EBC305}.Debug|Any CPU.ActiveCfg = Debug|Any CPU
		{A199C9AB-FF48-41BD-BFA3-50A0E8EBC305}.Debug|Any CPU.Build.0 = Debug|Any CPU
		{A199C9AB-FF48-41BD-BFA3-50A0E8EBC305}.Release|Any CPU.ActiveCfg = Release|Any CPU
		{A199C9AB-FF48-41BD-BFA3-50A0E8EBC305}.Release|Any CPU.Build.0 = Release|Any CPU
		{B96E4BBA-697D-4B7D-80B5-4DBE2D0A4757}.Debug|Any CPU.ActiveCfg = Debug|Any CPU
		{B96E4BBA-697D-4B7D-80B5-4DBE2D0A4757}.Debug|Any CPU.Build.0 = Debug|Any CPU
		{B96E4BBA-697D-4B7D-80B5-4DBE2D0A4757}.Release|Any CPU.ActiveCfg = Release|Any CPU
		{B96E4BBA-697D-4B7D-80B5-4DBE2D0A4757}.Release|Any CPU.Build.0 = Release|Any CPU
	EndGlobalSection
	GlobalSection(SolutionProperties) = preSolution
		HideSolutionNode = FALSE
	EndGlobalSection
	GlobalSection(ExtensibilityGlobals) = postSolution
		SolutionGuid = {6D272E02-FD54-4685-89B9-A8E9B3144C4B}
	EndGlobalSection
EndGlobal
